
Microsoft Visual Studio Solution File, Format Version 12.00
# Visual Studio Version 17
VisualStudioVersion = 17.1.32328.378
MinimumVisualStudioVersion = 10.0.40219.1
Project("{9A19103F-16F7-4668-BE54-9A1E7A4F7556}") = "DataAccess", "DataAccess\DataAccess.csproj", "{8CDA24F6-4228-4D7B-B7CB-810B09364604}"
EndProject
Project("{9A19103F-16F7-4668-BE54-9A1E7A4F7556}") = "Business", "Business\Business.csproj", "{DCC5A7B0-329A-4F9B-BCF2-2654B8BB47EA}"
EndProject
Project("{9A19103F-16F7-4668-BE54-9A1E7A4F7556}") = "Entities", "Entities\Entities.csproj", "{E0DC1976-768F-4ACE-BAAA-903154087121}"
EndProject
Project("{9A19103F-16F7-4668-BE54-9A1E7A4F7556}") = "Core", "Core\Core.csproj", "{533CE0B6-C4B5-445F-A8F7-3AC92B4F0445}"
EndProject
Project("{FAE04EC0-301F-11D3-BF4B-00C04F79EFBC}") = "WebAPI", "WebAPI\WebAPI.csproj", "{B28BE1E9-1EC2-4DCC-B295-59BBFBBEDA68}"
EndProject
Global
	GlobalSection(SolutionConfigurationPlatforms) = preSolution
		Debug|Any CPU = Debug|Any CPU
		Release|Any CPU = Release|Any CPU
	EndGlobalSection
	GlobalSection(ProjectConfigurationPlatforms) = postSolution
		{8CDA24F6-4228-4D7B-B7CB-810B09364604}.Debug|Any CPU.ActiveCfg = Debug|Any CPU
		{8CDA24F6-4228-4D7B-B7CB-810B09364604}.Debug|Any CPU.Build.0 = Debug|Any CPU
		{8CDA24F6-4228-4D7B-B7CB-810B09364604}.Release|Any CPU.ActiveCfg = Release|Any CPU
		{8CDA24F6-4228-4D7B-B7CB-810B09364604}.Release|Any CPU.Build.0 = Release|Any CPU
		{DCC5A7B0-329A-4F9B-BCF2-2654B8BB47EA}.Debug|Any CPU.ActiveCfg = Debug|Any CPU
		{DCC5A7B0-329A-4F9B-BCF2-2654B8BB47EA}.Debug|Any CPU.Build.0 = Debug|Any CPU
		{DCC5A7B0-329A-4F9B-BCF2-2654B8BB47EA}.Release|Any CPU.ActiveCfg = Release|Any CPU
		{DCC5A7B0-329A-4F9B-BCF2-2654B8BB47EA}.Release|Any CPU.Build.0 = Release|Any CPU
		{E0DC1976-768F-4ACE-BAAA-903154087121}.Debug|Any CPU.ActiveCfg = Debug|Any CPU
		{E0DC1976-768F-4ACE-BAAA-903154087121}.Debug|Any CPU.Build.0 = Debug|Any CPU
		{E0DC1976-768F-4ACE-BAAA-903154087121}.Release|Any CPU.ActiveCfg = Release|Any CPU
		{E0DC1976-768F-4ACE-BAAA-903154087121}.Release|Any CPU.Build.0 = Release|Any CPU
		{533CE0B6-C4B5-445F-A8F7-3AC92B4F0445}.Debug|Any CPU.ActiveCfg = Debug|Any CPU
		{533CE0B6-C4B5-445F-A8F7-3AC92B4F0445}.Debug|Any CPU.Build.0 = Debug|Any CPU
		{533CE0B6-C4B5-445F-A8F7-3AC92B4F0445}.Release|Any CPU.ActiveCfg = Release|Any CPU
		{533CE0B6-C4B5-445F-A8F7-3AC92B4F0445}.Release|Any CPU.Build.0 = Release|Any CPU
		{B28BE1E9-1EC2-4DCC-B295-59BBFBBEDA68}.Debug|Any CPU.ActiveCfg = Debug|Any CPU
		{B28BE1E9-1EC2-4DCC-B295-59BBFBBEDA68}.Debug|Any CPU.Build.0 = Debug|Any CPU
		{B28BE1E9-1EC2-4DCC-B295-59BBFBBEDA68}.Release|Any CPU.ActiveCfg = Release|Any CPU
		{B28BE1E9-1EC2-4DCC-B295-59BBFBBEDA68}.Release|Any CPU.Build.0 = Release|Any CPU
	EndGlobalSection
	GlobalSection(SolutionProperties) = preSolution
		HideSolutionNode = FALSE
	EndGlobalSection
	GlobalSection(ExtensibilityGlobals) = postSolution
		SolutionGuid = {28D58061-D4AF-4FBE-97F9-EAD67E91E58A}
	EndGlobalSection
EndGlobal
